
Microsoft Visual Studio Solution File, Format Version 12.00
# Visual Studio Version 17
VisualStudioVersion = 17.4.33213.308
MinimumVisualStudioVersion = 10.0.40219.1
Project("{FAE04EC0-301F-11D3-BF4B-00C04F79EFBC}") = "LAIRS", "LAIRS\LAIRS.csproj", "{3ABE379D-9597-48EE-ACCF-D50BBF2808CC}"
EndProject
Project("{FAE04EC0-301F-11D3-BF4B-00C04F79EFBC}") = "LAIRSLib", "LAIRSLib\LAIRSLib.csproj", "{AB94BFA7-94E5-4E3A-B28D-DB48538732F9}"
EndProject
Project("{FAE04EC0-301F-11D3-BF4B-00C04F79EFBC}") = "LAIRSTest", "LAIRSTest\LAIRSTest.csproj", "{34093254-2AA3-4D3F-9858-E0D7726F4B6F}"
EndProject
Global
	GlobalSection(SolutionConfigurationPlatforms) = preSolution
		Debug|Any CPU = Debug|Any CPU
		Release|Any CPU = Release|Any CPU
	EndGlobalSection
	GlobalSection(ProjectConfigurationPlatforms) = postSolution
		{3ABE379D-9597-48EE-ACCF-D50BBF2808CC}.Debug|Any CPU.ActiveCfg = Debug|Any CPU
		{3ABE379D-9597-48EE-ACCF-D50BBF2808CC}.Debug|Any CPU.Build.0 = Debug|Any CPU
		{3ABE379D-9597-48EE-ACCF-D50BBF2808CC}.Release|Any CPU.ActiveCfg = Release|Any CPU
		{3ABE379D-9597-48EE-ACCF-D50BBF2808CC}.Release|Any CPU.Build.0 = Release|Any CPU
		{AB94BFA7-94E5-4E3A-B28D-DB48538732F9}.Debug|Any CPU.ActiveCfg = Debug|Any CPU
		{AB94BFA7-94E5-4E3A-B28D-DB48538732F9}.Debug|Any CPU.Build.0 = Debug|Any CPU
		{AB94BFA7-94E5-4E3A-B28D-DB48538732F9}.Release|Any CPU.ActiveCfg = Release|Any CPU
		{AB94BFA7-94E5-4E3A-B28D-DB48538732F9}.Release|Any CPU.Build.0 = Release|Any CPU
		{34093254-2AA3-4D3F-9858-E0D7726F4B6F}.Debug|Any CPU.ActiveCfg = Debug|Any CPU
		{34093254-2AA3-4D3F-9858-E0D7726F4B6F}.Debug|Any CPU.Build.0 = Debug|Any CPU
		{34093254-2AA3-4D3F-9858-E0D7726F4B6F}.Release|Any CPU.ActiveCfg = Release|Any CPU
		{34093254-2AA3-4D3F-9858-E0D7726F4B6F}.Release|Any CPU.Build.0 = Release|Any CPU
	EndGlobalSection
	GlobalSection(SolutionProperties) = preSolution
		HideSolutionNode = FALSE
	EndGlobalSection
	GlobalSection(ExtensibilityGlobals) = postSolution
		SolutionGuid = {7FE1703E-58D2-4BA2-985D-DA6DC54C4B77}
	EndGlobalSection
EndGlobal
